// !$*UTF8*$!
{
	archiveVersion = 1;
	classes = {
	};
	objectVersion = 55;
	objects = {

/* Begin PBXBuildFile section */
		1C470B0027B2E296000B3EF9 /* AppDelegate.swift in Sources */ = {isa = PBXBuildFile; fileRef = 1C470AFF27B2E296000B3EF9 /* AppDelegate.swift */; };
		1C470B0227B2E296000B3EF9 /* SceneDelegate.swift in Sources */ = {isa = PBXBuildFile; fileRef = 1C470B0127B2E296000B3EF9 /* SceneDelegate.swift */; };
		1C470B0927B2E299000B3EF9 /* Assets.xcassets in Resources */ = {isa = PBXBuildFile; fileRef = 1C470B0827B2E299000B3EF9 /* Assets.xcassets */; };
		1C470B0C27B2E299000B3EF9 /* LaunchScreen.storyboard in Resources */ = {isa = PBXBuildFile; fileRef = 1C470B0A27B2E299000B3EF9 /* LaunchScreen.storyboard */; };
		1C470B1A27B2EB5E000B3EF9 /* MainModuleConfigurator.swift in Sources */ = {isa = PBXBuildFile; fileRef = 1C470B1927B2EB5E000B3EF9 /* MainModuleConfigurator.swift */; };
		1C470B1C27B2EBBB000B3EF9 /* MainPresenter.swift in Sources */ = {isa = PBXBuildFile; fileRef = 1C470B1B27B2EBBB000B3EF9 /* MainPresenter.swift */; };
		1C470B1E27B2EBDC000B3EF9 /* MainViewController.swift in Sources */ = {isa = PBXBuildFile; fileRef = 1C470B1D27B2EBDC000B3EF9 /* MainViewController.swift */; };
		1C470B2027B2EC61000B3EF9 /* MainViewInput.swift in Sources */ = {isa = PBXBuildFile; fileRef = 1C470B1F27B2EC61000B3EF9 /* MainViewInput.swift */; };
		1C470B2227B2EC76000B3EF9 /* MainViewOutput.swift in Sources */ = {isa = PBXBuildFile; fileRef = 1C470B2127B2EC76000B3EF9 /* MainViewOutput.swift */; };
		1C470B2427B2F14E000B3EF9 /* TabBar.swift in Sources */ = {isa = PBXBuildFile; fileRef = 1C470B2327B2F14E000B3EF9 /* TabBar.swift */; };
		1C470B2727B2F20D000B3EF9 /* UIViewController+Extension.swift in Sources */ = {isa = PBXBuildFile; fileRef = 1C470B2627B2F20D000B3EF9 /* UIViewController+Extension.swift */; };
		CF0982766C1EFF73AC87D030 /* Pods_Fooder.framework in Frameworks */ = {isa = PBXBuildFile; fileRef = 4E06ED0BC4FE0550FCFC3572 /* Pods_Fooder.framework */; };
/* End PBXBuildFile section */

/* Begin PBXFileReference section */
		09A91ACB7F8BB351BA204254 /* Pods-Fooder.debug.xcconfig */ = {isa = PBXFileReference; includeInIndex = 1; lastKnownFileType = text.xcconfig; name = "Pods-Fooder.debug.xcconfig"; path = "Target Support Files/Pods-Fooder/Pods-Fooder.debug.xcconfig"; sourceTree = "<group>"; };
		1C470AFC27B2E296000B3EF9 /* Fooder.app */ = {isa = PBXFileReference; explicitFileType = wrapper.application; includeInIndex = 0; path = Fooder.app; sourceTree = BUILT_PRODUCTS_DIR; };
		1C470AFF27B2E296000B3EF9 /* AppDelegate.swift */ = {isa = PBXFileReference; lastKnownFileType = sourcecode.swift; path = AppDelegate.swift; sourceTree = "<group>"; };
		1C470B0127B2E296000B3EF9 /* SceneDelegate.swift */ = {isa = PBXFileReference; lastKnownFileType = sourcecode.swift; path = SceneDelegate.swift; sourceTree = "<group>"; };
		1C470B0827B2E299000B3EF9 /* Assets.xcassets */ = {isa = PBXFileReference; lastKnownFileType = folder.assetcatalog; path = Assets.xcassets; sourceTree = "<group>"; };
		1C470B0B27B2E299000B3EF9 /* Base */ = {isa = PBXFileReference; lastKnownFileType = file.storyboard; name = Base; path = Base.lproj/LaunchScreen.storyboard; sourceTree = "<group>"; };
		1C470B0D27B2E299000B3EF9 /* Info.plist */ = {isa = PBXFileReference; lastKnownFileType = text.plist.xml; path = Info.plist; sourceTree = "<group>"; };
		1C470B1927B2EB5E000B3EF9 /* MainModuleConfigurator.swift */ = {isa = PBXFileReference; lastKnownFileType = sourcecode.swift; path = MainModuleConfigurator.swift; sourceTree = "<group>"; };
		1C470B1B27B2EBBB000B3EF9 /* MainPresenter.swift */ = {isa = PBXFileReference; lastKnownFileType = sourcecode.swift; path = MainPresenter.swift; sourceTree = "<group>"; };
		1C470B1D27B2EBDC000B3EF9 /* MainViewController.swift */ = {isa = PBXFileReference; lastKnownFileType = sourcecode.swift; path = MainViewController.swift; sourceTree = "<group>"; };
		1C470B1F27B2EC61000B3EF9 /* MainViewInput.swift */ = {isa = PBXFileReference; lastKnownFileType = sourcecode.swift; path = MainViewInput.swift; sourceTree = "<group>"; };
		1C470B2127B2EC76000B3EF9 /* MainViewOutput.swift */ = {isa = PBXFileReference; lastKnownFileType = sourcecode.swift; path = MainViewOutput.swift; sourceTree = "<group>"; };
		1C470B2327B2F14E000B3EF9 /* TabBar.swift */ = {isa = PBXFileReference; lastKnownFileType = sourcecode.swift; path = TabBar.swift; sourceTree = "<group>"; };
		1C470B2627B2F20D000B3EF9 /* UIViewController+Extension.swift */ = {isa = PBXFileReference; lastKnownFileType = sourcecode.swift; path = "UIViewController+Extension.swift"; sourceTree = "<group>"; };
		229128F2EC312DABBDFCADA5 /* Pods-Fooder.release.xcconfig */ = {isa = PBXFileReference; includeInIndex = 1; lastKnownFileType = text.xcconfig; name = "Pods-Fooder.release.xcconfig"; path = "Target Support Files/Pods-Fooder/Pods-Fooder.release.xcconfig"; sourceTree = "<group>"; };
		4E06ED0BC4FE0550FCFC3572 /* Pods_Fooder.framework */ = {isa = PBXFileReference; explicitFileType = wrapper.framework; includeInIndex = 0; path = Pods_Fooder.framework; sourceTree = BUILT_PRODUCTS_DIR; };
/* End PBXFileReference section */

/* Begin PBXFrameworksBuildPhase section */
		1C470AF927B2E296000B3EF9 /* Frameworks */ = {
			isa = PBXFrameworksBuildPhase;
			buildActionMask = 2147483647;
			files = (
				CF0982766C1EFF73AC87D030 /* Pods_Fooder.framework in Frameworks */,
			);
			runOnlyForDeploymentPostprocessing = 0;
		};
/* End PBXFrameworksBuildPhase section */

/* Begin PBXGroup section */
		1C470AF327B2E296000B3EF9 = {
			isa = PBXGroup;
			children = (
				1C470AFE27B2E296000B3EF9 /* Fooder */,
				1C470AFD27B2E296000B3EF9 /* Products */,
				939E03CB44B6C36D1773287F /* Pods */,
				FE24AF3DC40732788836EB5F /* Frameworks */,
			);
			sourceTree = "<group>";
		};
		1C470AFD27B2E296000B3EF9 /* Products */ = {
			isa = PBXGroup;
			children = (
				1C470AFC27B2E296000B3EF9 /* Fooder.app */,
			);
			name = Products;
			sourceTree = "<group>";
		};
		1C470AFE27B2E296000B3EF9 /* Fooder */ = {
			isa = PBXGroup;
			children = (
				1C470B1327B2EAF0000B3EF9 /* App */,
				1C470B1427B2EB01000B3EF9 /* Modules */,
				1C470B2527B2F1CC000B3EF9 /* Extensions */,
				1C470B0827B2E299000B3EF9 /* Assets.xcassets */,
				1C470B0A27B2E299000B3EF9 /* LaunchScreen.storyboard */,
				1C470B0D27B2E299000B3EF9 /* Info.plist */,
			);
			path = Fooder;
			sourceTree = "<group>";
		};
		1C470B1327B2EAF0000B3EF9 /* App */ = {
			isa = PBXGroup;
			children = (
				1C470AFF27B2E296000B3EF9 /* AppDelegate.swift */,
				1C470B0127B2E296000B3EF9 /* SceneDelegate.swift */,
			);
			path = App;
			sourceTree = "<group>";
		};
		1C470B1427B2EB01000B3EF9 /* Modules */ = {
			isa = PBXGroup;
			children = (
				1C470B2827B2F584000B3EF9 /* TabBar */,
				1C470B1527B2EB13000B3EF9 /* Main */,
			);
			path = Modules;
			sourceTree = "<group>";
		};
		1C470B1527B2EB13000B3EF9 /* Main */ = {
			isa = PBXGroup;
			children = (
				1C470B1927B2EB5E000B3EF9 /* MainModuleConfigurator.swift */,
				1C470B1827B2EB35000B3EF9 /* Presenter */,
				1C470B1727B2EB2D000B3EF9 /* View */,
				1C470B1627B2EB23000B3EF9 /* Model */,
			);
			path = Main;
			sourceTree = "<group>";
		};
		1C470B1627B2EB23000B3EF9 /* Model */ = {
			isa = PBXGroup;
			children = (
			);
			path = Model;
			sourceTree = "<group>";
		};
		1C470B1727B2EB2D000B3EF9 /* View */ = {
			isa = PBXGroup;
			children = (
				1C470B1D27B2EBDC000B3EF9 /* MainViewController.swift */,
				1C470B1F27B2EC61000B3EF9 /* MainViewInput.swift */,
				1C470B2127B2EC76000B3EF9 /* MainViewOutput.swift */,
			);
			path = View;
			sourceTree = "<group>";
		};
		1C470B1827B2EB35000B3EF9 /* Presenter */ = {
			isa = PBXGroup;
			children = (
				1C470B1B27B2EBBB000B3EF9 /* MainPresenter.swift */,
			);
			path = Presenter;
			sourceTree = "<group>";
		};
		1C470B2527B2F1CC000B3EF9 /* Extensions */ = {
			isa = PBXGroup;
			children = (
				1C470B2627B2F20D000B3EF9 /* UIViewController+Extension.swift */,
			);
			path = Extensions;
			sourceTree = "<group>";
		};
		1C470B2827B2F584000B3EF9 /* TabBar */ = {
			isa = PBXGroup;
			children = (
				1C470B2327B2F14E000B3EF9 /* TabBar.swift */,
			);
			path = TabBar;
			sourceTree = "<group>";
		};
		939E03CB44B6C36D1773287F /* Pods */ = {
			isa = PBXGroup;
			children = (
				09A91ACB7F8BB351BA204254 /* Pods-Fooder.debug.xcconfig */,
				229128F2EC312DABBDFCADA5 /* Pods-Fooder.release.xcconfig */,
			);
			path = Pods;
			sourceTree = "<group>";
		};
		FE24AF3DC40732788836EB5F /* Frameworks */ = {
			isa = PBXGroup;
			children = (
				4E06ED0BC4FE0550FCFC3572 /* Pods_Fooder.framework */,
			);
			name = Frameworks;
			sourceTree = "<group>";
		};
/* End PBXGroup section */

/* Begin PBXNativeTarget section */
		1C470AFB27B2E296000B3EF9 /* Fooder */ = {
			isa = PBXNativeTarget;
			buildConfigurationList = 1C470B1027B2E299000B3EF9 /* Build configuration list for PBXNativeTarget "Fooder" */;
			buildPhases = (
				D78AF770A9D4B3545E894AD1 /* [CP] Check Pods Manifest.lock */,
				1C470AF827B2E296000B3EF9 /* Sources */,
				1C470AF927B2E296000B3EF9 /* Frameworks */,
				1C470AFA27B2E296000B3EF9 /* Resources */,
				B2514EEF77D63EF711FD7681 /* [CP] Embed Pods Frameworks */,
			);
			buildRules = (
			);
			dependencies = (
			);
			name = Fooder;
			productName = Fooder;
			productReference = 1C470AFC27B2E296000B3EF9 /* Fooder.app */;
			productType = "com.apple.product-type.application";
		};
/* End PBXNativeTarget section */

/* Begin PBXProject section */
		1C470AF427B2E296000B3EF9 /* Project object */ = {
			isa = PBXProject;
			attributes = {
				BuildIndependentTargetsInParallel = 1;
				LastSwiftUpdateCheck = 1320;
				LastUpgradeCheck = 1320;
				TargetAttributes = {
					1C470AFB27B2E296000B3EF9 = {
						CreatedOnToolsVersion = 13.2.1;
					};
				};
			};
			buildConfigurationList = 1C470AF727B2E296000B3EF9 /* Build configuration list for PBXProject "Fooder" */;
			compatibilityVersion = "Xcode 13.0";
			developmentRegion = en;
			hasScannedForEncodings = 0;
			knownRegions = (
				en,
				Base,
			);
			mainGroup = 1C470AF327B2E296000B3EF9;
			productRefGroup = 1C470AFD27B2E296000B3EF9 /* Products */;
			projectDirPath = "";
			projectRoot = "";
			targets = (
				1C470AFB27B2E296000B3EF9 /* Fooder */,
			);
		};
/* End PBXProject section */

/* Begin PBXResourcesBuildPhase section */
		1C470AFA27B2E296000B3EF9 /* Resources */ = {
			isa = PBXResourcesBuildPhase;
			buildActionMask = 2147483647;
			files = (
				1C470B0C27B2E299000B3EF9 /* LaunchScreen.storyboard in Resources */,
				1C470B0927B2E299000B3EF9 /* Assets.xcassets in Resources */,
			);
			runOnlyForDeploymentPostprocessing = 0;
		};
/* End PBXResourcesBuildPhase section */

/* Begin PBXShellScriptBuildPhase section */
		B2514EEF77D63EF711FD7681 /* [CP] Embed Pods Frameworks */ = {
			isa = PBXShellScriptBuildPhase;
			buildActionMask = 2147483647;
			files = (
			);
			inputFileListPaths = (
				"${PODS_ROOT}/Target Support Files/Pods-Fooder/Pods-Fooder-frameworks-${CONFIGURATION}-input-files.xcfilelist",
			);
			name = "[CP] Embed Pods Frameworks";
			outputFileListPaths = (
				"${PODS_ROOT}/Target Support Files/Pods-Fooder/Pods-Fooder-frameworks-${CONFIGURATION}-output-files.xcfilelist",
			);
			runOnlyForDeploymentPostprocessing = 0;
			shellPath = /bin/sh;
			shellScript = "\"${PODS_ROOT}/Target Support Files/Pods-Fooder/Pods-Fooder-frameworks.sh\"\n";
			showEnvVarsInLog = 0;
		};
		D78AF770A9D4B3545E894AD1 /* [CP] Check Pods Manifest.lock */ = {
			isa = PBXShellScriptBuildPhase;
			buildActionMask = 2147483647;
			files = (
			);
			inputFileListPaths = (
			);
			inputPaths = (
				"${PODS_PODFILE_DIR_PATH}/Podfile.lock",
				"${PODS_ROOT}/Manifest.lock",
			);
			name = "[CP] Check Pods Manifest.lock";
			outputFileListPaths = (
			);
			outputPaths = (
				"$(DERIVED_FILE_DIR)/Pods-Fooder-checkManifestLockResult.txt",
			);
			runOnlyForDeploymentPostprocessing = 0;
			shellPath = /bin/sh;
			shellScript = "diff \"${PODS_PODFILE_DIR_PATH}/Podfile.lock\" \"${PODS_ROOT}/Manifest.lock\" > /dev/null\nif [ $? != 0 ] ; then\n    # print error to STDERR\n    echo \"error: The sandbox is not in sync with the Podfile.lock. Run 'pod install' or update your CocoaPods installation.\" >&2\n    exit 1\nfi\n# This output is used by Xcode 'outputs' to avoid re-running this script phase.\necho \"SUCCESS\" > \"${SCRIPT_OUTPUT_FILE_0}\"\n";
			showEnvVarsInLog = 0;
		};
/* End PBXShellScriptBuildPhase section */

/* Begin PBXSourcesBuildPhase section */
		1C470AF827B2E296000B3EF9 /* Sources */ = {
			isa = PBXSourcesBuildPhase;
			buildActionMask = 2147483647;
			files = (
				1C470B0027B2E296000B3EF9 /* AppDelegate.swift in Sources */,
				1C470B0227B2E296000B3EF9 /* SceneDelegate.swift in Sources */,
				1C470B2027B2EC61000B3EF9 /* MainViewInput.swift in Sources */,
				1C470B2427B2F14E000B3EF9 /* TabBar.swift in Sources */,
				1C470B1A27B2EB5E000B3EF9 /* MainModuleConfigurator.swift in Sources */,
				1C470B1C27B2EBBB000B3EF9 /* MainPresenter.swift in Sources */,
				1C470B2227B2EC76000B3EF9 /* MainViewOutput.swift in Sources */,
				1C470B1E27B2EBDC000B3EF9 /* MainViewController.swift in Sources */,
				1C470B2727B2F20D000B3EF9 /* UIViewController+Extension.swift in Sources */,
			);
			runOnlyForDeploymentPostprocessing = 0;
		};
/* End PBXSourcesBuildPhase section */

/* Begin PBXVariantGroup section */
		1C470B0A27B2E299000B3EF9 /* LaunchScreen.storyboard */ = {
			isa = PBXVariantGroup;
			children = (
				1C470B0B27B2E299000B3EF9 /* Base */,
			);
			name = LaunchScreen.storyboard;
			sourceTree = "<group>";
		};
/* End PBXVariantGroup section */

/* Begin XCBuildConfiguration section */
		1C470B0E27B2E299000B3EF9 /* Debug */ = {
			isa = XCBuildConfiguration;
			buildSettings = {
				ALWAYS_SEARCH_USER_PATHS = NO;
				CLANG_ANALYZER_NONNULL = YES;
				CLANG_ANALYZER_NUMBER_OBJECT_CONVERSION = YES_AGGRESSIVE;
				CLANG_CXX_LANGUAGE_STANDARD = "gnu++17";
				CLANG_CXX_LIBRARY = "libc++";
				CLANG_ENABLE_MODULES = YES;
				CLANG_ENABLE_OBJC_ARC = YES;
				CLANG_ENABLE_OBJC_WEAK = YES;
				CLANG_WARN_BLOCK_CAPTURE_AUTORELEASING = YES;
				CLANG_WARN_BOOL_CONVERSION = YES;
				CLANG_WARN_COMMA = YES;
				CLANG_WARN_CONSTANT_CONVERSION = YES;
				CLANG_WARN_DEPRECATED_OBJC_IMPLEMENTATIONS = YES;
				CLANG_WARN_DIRECT_OBJC_ISA_USAGE = YES_ERROR;
				CLANG_WARN_DOCUMENTATION_COMMENTS = YES;
				CLANG_WARN_EMPTY_BODY = YES;
				CLANG_WARN_ENUM_CONVERSION = YES;
				CLANG_WARN_INFINITE_RECURSION = YES;
				CLANG_WARN_INT_CONVERSION = YES;
				CLANG_WARN_NON_LITERAL_NULL_CONVERSION = YES;
				CLANG_WARN_OBJC_IMPLICIT_RETAIN_SELF = YES;
				CLANG_WARN_OBJC_LITERAL_CONVERSION = YES;
				CLANG_WARN_OBJC_ROOT_CLASS = YES_ERROR;
				CLANG_WARN_QUOTED_INCLUDE_IN_FRAMEWORK_HEADER = YES;
				CLANG_WARN_RANGE_LOOP_ANALYSIS = YES;
				CLANG_WARN_STRICT_PROTOTYPES = YES;
				CLANG_WARN_SUSPICIOUS_MOVE = YES;
				CLANG_WARN_UNGUARDED_AVAILABILITY = YES_AGGRESSIVE;
				CLANG_WARN_UNREACHABLE_CODE = YES;
				CLANG_WARN__DUPLICATE_METHOD_MATCH = YES;
				COPY_PHASE_STRIP = NO;
				DEBUG_INFORMATION_FORMAT = dwarf;
				ENABLE_STRICT_OBJC_MSGSEND = YES;
				ENABLE_TESTABILITY = YES;
				GCC_C_LANGUAGE_STANDARD = gnu11;
				GCC_DYNAMIC_NO_PIC = NO;
				GCC_NO_COMMON_BLOCKS = YES;
				GCC_OPTIMIZATION_LEVEL = 0;
				GCC_PREPROCESSOR_DEFINITIONS = (
					"DEBUG=1",
					"$(inherited)",
				);
				GCC_WARN_64_TO_32_BIT_CONVERSION = YES;
				GCC_WARN_ABOUT_RETURN_TYPE = YES_ERROR;
				GCC_WARN_UNDECLARED_SELECTOR = YES;
				GCC_WARN_UNINITIALIZED_AUTOS = YES_AGGRESSIVE;
				GCC_WARN_UNUSED_FUNCTION = YES;
				GCC_WARN_UNUSED_VARIABLE = YES;
				IPHONEOS_DEPLOYMENT_TARGET = 15.2;
				MTL_ENABLE_DEBUG_INFO = INCLUDE_SOURCE;
				MTL_FAST_MATH = YES;
				ONLY_ACTIVE_ARCH = YES;
				SDKROOT = iphoneos;
				SWIFT_ACTIVE_COMPILATION_CONDITIONS = DEBUG;
				SWIFT_OPTIMIZATION_LEVEL = "-Onone";
			};
			name = Debug;
		};
		1C470B0F27B2E299000B3EF9 /* Release */ = {
			isa = XCBuildConfiguration;
			buildSettings = {
				ALWAYS_SEARCH_USER_PATHS = NO;
				CLANG_ANALYZER_NONNULL = YES;
				CLANG_ANALYZER_NUMBER_OBJECT_CONVERSION = YES_AGGRESSIVE;
				CLANG_CXX_LANGUAGE_STANDARD = "gnu++17";
				CLANG_CXX_LIBRARY = "libc++";
				CLANG_ENABLE_MODULES = YES;
				CLANG_ENABLE_OBJC_ARC = YES;
				CLANG_ENABLE_OBJC_WEAK = YES;
				CLANG_WARN_BLOCK_CAPTURE_AUTORELEASING = YES;
				CLANG_WARN_BOOL_CONVERSION = YES;
				CLANG_WARN_COMMA = YES;
				CLANG_WARN_CONSTANT_CONVERSION = YES;
				CLANG_WARN_DEPRECATED_OBJC_IMPLEMENTATIONS = YES;
				CLANG_WARN_DIRECT_OBJC_ISA_USAGE = YES_ERROR;
				CLANG_WARN_DOCUMENTATION_COMMENTS = YES;
				CLANG_WARN_EMPTY_BODY = YES;
				CLANG_WARN_ENUM_CONVERSION = YES;
				CLANG_WARN_INFINITE_RECURSION = YES;
				CLANG_WARN_INT_CONVERSION = YES;
				CLANG_WARN_NON_LITERAL_NULL_CONVERSION = YES;
				CLANG_WARN_OBJC_IMPLICIT_RETAIN_SELF = YES;
				CLANG_WARN_OBJC_LITERAL_CONVERSION = YES;
				CLANG_WARN_OBJC_ROOT_CLASS = YES_ERROR;
				CLANG_WARN_QUOTED_INCLUDE_IN_FRAMEWORK_HEADER = YES;
				CLANG_WARN_RANGE_LOOP_ANALYSIS = YES;
				CLANG_WARN_STRICT_PROTOTYPES = YES;
				CLANG_WARN_SUSPICIOUS_MOVE = YES;
				CLANG_WARN_UNGUARDED_AVAILABILITY = YES_AGGRESSIVE;
				CLANG_WARN_UNREACHABLE_CODE = YES;
				CLANG_WARN__DUPLICATE_METHOD_MATCH = YES;
				COPY_PHASE_STRIP = NO;
				DEBUG_INFORMATION_FORMAT = "dwarf-with-dsym";
				ENABLE_NS_ASSERTIONS = NO;
				ENABLE_STRICT_OBJC_MSGSEND = YES;
				GCC_C_LANGUAGE_STANDARD = gnu11;
				GCC_NO_COMMON_BLOCKS = YES;
				GCC_WARN_64_TO_32_BIT_CONVERSION = YES;
				GCC_WARN_ABOUT_RETURN_TYPE = YES_ERROR;
				GCC_WARN_UNDECLARED_SELECTOR = YES;
				GCC_WARN_UNINITIALIZED_AUTOS = YES_AGGRESSIVE;
				GCC_WARN_UNUSED_FUNCTION = YES;
				GCC_WARN_UNUSED_VARIABLE = YES;
				IPHONEOS_DEPLOYMENT_TARGET = 15.2;
				MTL_ENABLE_DEBUG_INFO = NO;
				MTL_FAST_MATH = YES;
				SDKROOT = iphoneos;
				SWIFT_COMPILATION_MODE = wholemodule;
				SWIFT_OPTIMIZATION_LEVEL = "-O";
				VALIDATE_PRODUCT = YES;
			};
			name = Release;
		};
		1C470B1127B2E299000B3EF9 /* Debug */ = {
			isa = XCBuildConfiguration;
			baseConfigurationReference = 09A91ACB7F8BB351BA204254 /* Pods-Fooder.debug.xcconfig */;
			buildSettings = {
				ASSETCATALOG_COMPILER_APPICON_NAME = AppIcon;
				ASSETCATALOG_COMPILER_GLOBAL_ACCENT_COLOR_NAME = AccentColor;
				CODE_SIGN_STYLE = Automatic;
				CURRENT_PROJECT_VERSION = 1;
				GENERATE_INFOPLIST_FILE = YES;
				INFOPLIST_FILE = Fooder/Info.plist;
				INFOPLIST_KEY_UIApplicationSupportsIndirectInputEvents = YES;
				INFOPLIST_KEY_UILaunchStoryboardName = LaunchScreen;
				INFOPLIST_KEY_UISupportedInterfaceOrientations_iPad = "UIInterfaceOrientationPortrait UIInterfaceOrientationPortraitUpsideDown UIInterfaceOrientationLandscapeLeft UIInterfaceOrientationLandscapeRight";
				INFOPLIST_KEY_UISupportedInterfaceOrientations_iPhone = "UIInterfaceOrientationPortrait UIInterfaceOrientationLandscapeLeft UIInterfaceOrientationLandscapeRight";
				LD_RUNPATH_SEARCH_PATHS = (
					"$(inherited)",
					"@executable_path/Frameworks",
				);
				MARKETING_VERSION = 1.0;
				PRODUCT_BUNDLE_IDENTIFIER = Fooder.com.Fooder;
				PRODUCT_NAME = "$(TARGET_NAME)";
				SWIFT_EMIT_LOC_STRINGS = YES;
				SWIFT_VERSION = 5.0;
				TARGETED_DEVICE_FAMILY = "1,2";
			};
			name = Debug;
		};
		1C470B1227B2E299000B3EF9 /* Release */ = {
			isa = XCBuildConfiguration;
			baseConfigurationReference = 229128F2EC312DABBDFCADA5 /* Pods-Fooder.release.xcconfig */;
			buildSettings = {
				ASSETCATALOG_COMPILER_APPICON_NAME = AppIcon;
				ASSETCATALOG_COMPILER_GLOBAL_ACCENT_COLOR_NAME = AccentColor;
				CODE_SIGN_STYLE = Automatic;
				CURRENT_PROJECT_VERSION = 1;
				GENERATE_INFOPLIST_FILE = YES;
				INFOPLIST_FILE = Fooder/Info.plist;
				INFOPLIST_KEY_UIApplicationSupportsIndirectInputEvents = YES;
				INFOPLIST_KEY_UILaunchStoryboardName = LaunchScreen;
				INFOPLIST_KEY_UISupportedInterfaceOrientations_iPad = "UIInterfaceOrientationPortrait UIInterfaceOrientationPortraitUpsideDown UIInterfaceOrientationLandscapeLeft UIInterfaceOrientationLandscapeRight";
				INFOPLIST_KEY_UISupportedInterfaceOrientations_iPhone = "UIInterfaceOrientationPortrait UIInterfaceOrientationLandscapeLeft UIInterfaceOrientationLandscapeRight";
				LD_RUNPATH_SEARCH_PATHS = (
					"$(inherited)",
					"@executable_path/Frameworks",
				);
				MARKETING_VERSION = 1.0;
				PRODUCT_BUNDLE_IDENTIFIER = Fooder.com.Fooder;
				PRODUCT_NAME = "$(TARGET_NAME)";
				SWIFT_EMIT_LOC_STRINGS = YES;
				SWIFT_VERSION = 5.0;
				TARGETED_DEVICE_FAMILY = "1,2";
			};
			name = Release;
		};
/* End XCBuildConfiguration section */

/* Begin XCConfigurationList section */
		1C470AF727B2E296000B3EF9 /* Build configuration list for PBXProject "Fooder" */ = {
			isa = XCConfigurationList;
			buildConfigurations = (
				1C470B0E27B2E299000B3EF9 /* Debug */,
				1C470B0F27B2E299000B3EF9 /* Release */,
			);
			defaultConfigurationIsVisible = 0;
			defaultConfigurationName = Release;
		};
		1C470B1027B2E299000B3EF9 /* Build configuration list for PBXNativeTarget "Fooder" */ = {
			isa = XCConfigurationList;
			buildConfigurations = (
				1C470B1127B2E299000B3EF9 /* Debug */,
				1C470B1227B2E299000B3EF9 /* Release */,
			);
			defaultConfigurationIsVisible = 0;
			defaultConfigurationName = Release;
		};
/* End XCConfigurationList section */
	};
	rootObject = 1C470AF427B2E296000B3EF9 /* Project object */;
}
