// !$*UTF8*$!
{
	archiveVersion = 1;
	classes = {
	};
	objectVersion = 55;
	objects = {

/* Begin PBXBuildFile section */
		1C470B0027B2E296000B3EF9 /* AppDelegate.swift in Sources */ = {isa = PBXBuildFile; fileRef = 1C470AFF27B2E296000B3EF9 /* AppDelegate.swift */; };
		1C470B0227B2E296000B3EF9 /* SceneDelegate.swift in Sources */ = {isa = PBXBuildFile; fileRef = 1C470B0127B2E296000B3EF9 /* SceneDelegate.swift */; };
		1C470B0927B2E299000B3EF9 /* Assets.xcassets in Resources */ = {isa = PBXBuildFile; fileRef = 1C470B0827B2E299000B3EF9 /* Assets.xcassets */; };
		1C470B0C27B2E299000B3EF9 /* LaunchScreen.storyboard in Resources */ = {isa = PBXBuildFile; fileRef = 1C470B0A27B2E299000B3EF9 /* LaunchScreen.storyboard */; };
		1C470B1A27B2EB5E000B3EF9 /* MainModuleConfigurator.swift in Sources */ = {isa = PBXBuildFile; fileRef = 1C470B1927B2EB5E000B3EF9 /* MainModuleConfigurator.swift */; };
		1C470B1C27B2EBBB000B3EF9 /* MainPresenter.swift in Sources */ = {isa = PBXBuildFile; fileRef = 1C470B1B27B2EBBB000B3EF9 /* MainPresenter.swift */; };
		1C470B1E27B2EBDC000B3EF9 /* MainViewController.swift in Sources */ = {isa = PBXBuildFile; fileRef = 1C470B1D27B2EBDC000B3EF9 /* MainViewController.swift */; };
		1C470B2027B2EC61000B3EF9 /* MainViewInput.swift in Sources */ = {isa = PBXBuildFile; fileRef = 1C470B1F27B2EC61000B3EF9 /* MainViewInput.swift */; };
		1C470B2227B2EC76000B3EF9 /* MainViewOutput.swift in Sources */ = {isa = PBXBuildFile; fileRef = 1C470B2127B2EC76000B3EF9 /* MainViewOutput.swift */; };
		1C470B2427B2F14E000B3EF9 /* TabBar.swift in Sources */ = {isa = PBXBuildFile; fileRef = 1C470B2327B2F14E000B3EF9 /* TabBar.swift */; };
		1C470B2727B2F20D000B3EF9 /* UIViewController+Extension.swift in Sources */ = {isa = PBXBuildFile; fileRef = 1C470B2627B2F20D000B3EF9 /* UIViewController+Extension.swift */; };
		1C470B2C27B2FE80000B3EF9 /* MainServices.swift in Sources */ = {isa = PBXBuildFile; fileRef = 1C470B2B27B2FE80000B3EF9 /* MainServices.swift */; };
		1C470B3027B2FF14000B3EF9 /* MainAPI.swift in Sources */ = {isa = PBXBuildFile; fileRef = 1C470B2F27B2FF14000B3EF9 /* MainAPI.swift */; };
		1C470B3227B2FF80000B3EF9 /* ServerConstants.swift in Sources */ = {isa = PBXBuildFile; fileRef = 1C470B3127B2FF80000B3EF9 /* ServerConstants.swift */; };
		1CDACF9627B45A4000081F3C /* Parcer.swift in Sources */ = {isa = PBXBuildFile; fileRef = 1CDACF9527B45A4000081F3C /* Parcer.swift */; };
		CF0982766C1EFF73AC87D030 /* Pods_Fooder.framework in Frameworks */ = {isa = PBXBuildFile; fileRef = 4E06ED0BC4FE0550FCFC3572 /* Pods_Fooder.framework */; };
		F0164A9A27B3E1E8008CBA53 /* ResponseModels.swift in Sources */ = {isa = PBXBuildFile; fileRef = F0164A9927B3E1E8008CBA53 /* ResponseModels.swift */; };
		F0164A9C27B44444008CBA53 /* ReceipViewModel.swift in Sources */ = {isa = PBXBuildFile; fileRef = F0164A9B27B44444008CBA53 /* ReceipViewModel.swift */; };
		F0164AAB27B46683008CBA53 /* ArticlesViewController.swift in Sources */ = {isa = PBXBuildFile; fileRef = F0164AAA27B46683008CBA53 /* ArticlesViewController.swift */; };
		F0164AAD27B46694008CBA53 /* ArticlesPresenter.swift in Sources */ = {isa = PBXBuildFile; fileRef = F0164AAC27B46694008CBA53 /* ArticlesPresenter.swift */; };
		F0164AAF27B466AD008CBA53 /* ArticlesViewInput.swift in Sources */ = {isa = PBXBuildFile; fileRef = F0164AAE27B466AD008CBA53 /* ArticlesViewInput.swift */; };
		F0164AB127B466BB008CBA53 /* ArticlesViewOutput.swift in Sources */ = {isa = PBXBuildFile; fileRef = F0164AB027B466BB008CBA53 /* ArticlesViewOutput.swift */; };
		F0164AB627B467E7008CBA53 /* ArticlesConfigurator.swift in Sources */ = {isa = PBXBuildFile; fileRef = F0164AB527B467E7008CBA53 /* ArticlesConfigurator.swift */; };
		F0164ABF27B52934008CBA53 /* FirstCollectionView.swift in Sources */ = {isa = PBXBuildFile; fileRef = F0164ABE27B52934008CBA53 /* FirstCollectionView.swift */; };
		F0164AC127B52AB4008CBA53 /* FirstCollectionViewCell.swift in Sources */ = {isa = PBXBuildFile; fileRef = F0164AC027B52AB4008CBA53 /* FirstCollectionViewCell.swift */; };
		F0164AC327B52DC3008CBA53 /* MainVewControllerConstants.swift in Sources */ = {isa = PBXBuildFile; fileRef = F0164AC227B52DC3008CBA53 /* MainVewControllerConstants.swift */; };
		F0164AC527B53964008CBA53 /* MainViewControllerCell.swift in Sources */ = {isa = PBXBuildFile; fileRef = F0164AC427B53964008CBA53 /* MainViewControllerCell.swift */; };
		F0164AC727B56C89008CBA53 /* MainModels.swift in Sources */ = {isa = PBXBuildFile; fileRef = F0164AC627B56C89008CBA53 /* MainModels.swift */; };
		F0164ACA27B57FEF008CBA53 /* SecondCollectionView.swift in Sources */ = {isa = PBXBuildFile; fileRef = F0164AC927B57FEF008CBA53 /* SecondCollectionView.swift */; };
		F0164ACC27B5800E008CBA53 /* SeconCollectionViewCell.swift in Sources */ = {isa = PBXBuildFile; fileRef = F0164ACB27B5800E008CBA53 /* SeconCollectionViewCell.swift */; };
		F0164ACE27B58DDA008CBA53 /* MainDimensionsCalculator.swift in Sources */ = {isa = PBXBuildFile; fileRef = F0164ACD27B58DDA008CBA53 /* MainDimensionsCalculator.swift */; };
		F0164AD127B675F3008CBA53 /* ThirdCollectionView.swift in Sources */ = {isa = PBXBuildFile; fileRef = F0164AD027B675F3008CBA53 /* ThirdCollectionView.swift */; };
		F0164AD327B6760D008CBA53 /* ThirdCollectionViewCell.swift in Sources */ = {isa = PBXBuildFile; fileRef = F0164AD227B6760D008CBA53 /* ThirdCollectionViewCell.swift */; };
		F0164AD627B678BA008CBA53 /* FourthCollectionView.swift in Sources */ = {isa = PBXBuildFile; fileRef = F0164AD527B678BA008CBA53 /* FourthCollectionView.swift */; };
		F0164AD827B678C7008CBA53 /* FourthCollectionViewCell.swift in Sources */ = {isa = PBXBuildFile; fileRef = F0164AD727B678C7008CBA53 /* FourthCollectionViewCell.swift */; };
		F0164ADB27B67CBF008CBA53 /* FiffthView.swift in Sources */ = {isa = PBXBuildFile; fileRef = F0164ADA27B67CBF008CBA53 /* FiffthView.swift */; };
		F0164ADF27B9B76B008CBA53 /* SixthCollectionView.swift in Sources */ = {isa = PBXBuildFile; fileRef = F0164ADE27B9B76B008CBA53 /* SixthCollectionView.swift */; };
		F0164AE427B9BB99008CBA53 /* SixthCollectionViewCell.swift in Sources */ = {isa = PBXBuildFile; fileRef = F0164AE327B9BB99008CBA53 /* SixthCollectionViewCell.swift */; };
		F0164AE727B9C20C008CBA53 /* SeventhCollectionView.swift in Sources */ = {isa = PBXBuildFile; fileRef = F0164AE627B9C20C008CBA53 /* SeventhCollectionView.swift */; };
		F0164AE927B9C21B008CBA53 /* SeventhCollectionViewCell.swift in Sources */ = {isa = PBXBuildFile; fileRef = F0164AE827B9C21B008CBA53 /* SeventhCollectionViewCell.swift */; };
		F057DBB627BA6A320097A616 /* ArticlesViewControllerCell.swift in Sources */ = {isa = PBXBuildFile; fileRef = F057DBB527BA6A320097A616 /* ArticlesViewControllerCell.swift */; };
		F057DBB827BA6D700097A616 /* ArticlesViewControllerConstants.swift in Sources */ = {isa = PBXBuildFile; fileRef = F057DBB727BA6D700097A616 /* ArticlesViewControllerConstants.swift */; };
		F057DBBB27BA72C60097A616 /* SearchViewController.swift in Sources */ = {isa = PBXBuildFile; fileRef = F057DBBA27BA72C60097A616 /* SearchViewController.swift */; };
		F057DBBD27BA72D70097A616 /* SearchPresenter.swift in Sources */ = {isa = PBXBuildFile; fileRef = F057DBBC27BA72D70097A616 /* SearchPresenter.swift */; };
		F057DBC127BA78580097A616 /* SearchViewInput.swift in Sources */ = {isa = PBXBuildFile; fileRef = F057DBC027BA78580097A616 /* SearchViewInput.swift */; };
		F057DBC327BA786C0097A616 /* SearchViewOutput.swift in Sources */ = {isa = PBXBuildFile; fileRef = F057DBC227BA786C0097A616 /* SearchViewOutput.swift */; };
		F057DBC627BA790D0097A616 /* SearchModuleConfigurator.swift in Sources */ = {isa = PBXBuildFile; fileRef = F057DBC527BA790D0097A616 /* SearchModuleConfigurator.swift */; };
		F057DBC827BA7CF90097A616 /* Shadows.swift in Sources */ = {isa = PBXBuildFile; fileRef = F057DBC727BA7CF90097A616 /* Shadows.swift */; };
		F057DBCB27BA80B60097A616 /* FavouriteModuleConfigurator.swift in Sources */ = {isa = PBXBuildFile; fileRef = F057DBCA27BA80B60097A616 /* FavouriteModuleConfigurator.swift */; };
		F057DBCD27BA80D60097A616 /* FavouritePresenter.swift in Sources */ = {isa = PBXBuildFile; fileRef = F057DBCC27BA80D60097A616 /* FavouritePresenter.swift */; };
		F057DBCF27BA80FD0097A616 /* FavouriteViewController.swift in Sources */ = {isa = PBXBuildFile; fileRef = F057DBCE27BA80FD0097A616 /* FavouriteViewController.swift */; };
		F057DBD127BA814C0097A616 /* FavouriteViewInput.swift in Sources */ = {isa = PBXBuildFile; fileRef = F057DBD027BA814C0097A616 /* FavouriteViewInput.swift */; };
		F057DBD327BA816E0097A616 /* FavouriteOutput.swift in Sources */ = {isa = PBXBuildFile; fileRef = F057DBD227BA816E0097A616 /* FavouriteOutput.swift */; };
		F057DBD527BA82C60097A616 /* ArticleParser.swift in Sources */ = {isa = PBXBuildFile; fileRef = F057DBD427BA82C60097A616 /* ArticleParser.swift */; };
		F057DBD927BB14B00097A616 /* RandomString.swift in Sources */ = {isa = PBXBuildFile; fileRef = F057DBD827BB14B00097A616 /* RandomString.swift */; };
		F057DBDB27BC01170097A616 /* CapitalizedLetter.swift in Sources */ = {isa = PBXBuildFile; fileRef = F057DBDA27BC01170097A616 /* CapitalizedLetter.swift */; };
		F057DBDD27BC4AAB0097A616 /* FavouriteViewControllerCell.swift in Sources */ = {isa = PBXBuildFile; fileRef = F057DBDC27BC4AAB0097A616 /* FavouriteViewControllerCell.swift */; };
		F057DBDF27BC506B0097A616 /* FavouriteViewControllerConstants.swift in Sources */ = {isa = PBXBuildFile; fileRef = F057DBDE27BC506B0097A616 /* FavouriteViewControllerConstants.swift */; };
/* End PBXBuildFile section */

/* Begin PBXFileReference section */
		09A91ACB7F8BB351BA204254 /* Pods-Fooder.debug.xcconfig */ = {isa = PBXFileReference; includeInIndex = 1; lastKnownFileType = text.xcconfig; name = "Pods-Fooder.debug.xcconfig"; path = "Target Support Files/Pods-Fooder/Pods-Fooder.debug.xcconfig"; sourceTree = "<group>"; };
		1C470AFC27B2E296000B3EF9 /* Fooder.app */ = {isa = PBXFileReference; explicitFileType = wrapper.application; includeInIndex = 0; path = Fooder.app; sourceTree = BUILT_PRODUCTS_DIR; };
		1C470AFF27B2E296000B3EF9 /* AppDelegate.swift */ = {isa = PBXFileReference; lastKnownFileType = sourcecode.swift; path = AppDelegate.swift; sourceTree = "<group>"; };
		1C470B0127B2E296000B3EF9 /* SceneDelegate.swift */ = {isa = PBXFileReference; lastKnownFileType = sourcecode.swift; path = SceneDelegate.swift; sourceTree = "<group>"; };
		1C470B0827B2E299000B3EF9 /* Assets.xcassets */ = {isa = PBXFileReference; lastKnownFileType = folder.assetcatalog; path = Assets.xcassets; sourceTree = "<group>"; };
		1C470B0B27B2E299000B3EF9 /* Base */ = {isa = PBXFileReference; lastKnownFileType = file.storyboard; name = Base; path = Base.lproj/LaunchScreen.storyboard; sourceTree = "<group>"; };
		1C470B0D27B2E299000B3EF9 /* Info.plist */ = {isa = PBXFileReference; lastKnownFileType = text.plist.xml; path = Info.plist; sourceTree = "<group>"; };
		1C470B1927B2EB5E000B3EF9 /* MainModuleConfigurator.swift */ = {isa = PBXFileReference; lastKnownFileType = sourcecode.swift; path = MainModuleConfigurator.swift; sourceTree = "<group>"; };
		1C470B1B27B2EBBB000B3EF9 /* MainPresenter.swift */ = {isa = PBXFileReference; lastKnownFileType = sourcecode.swift; path = MainPresenter.swift; sourceTree = "<group>"; };
		1C470B1D27B2EBDC000B3EF9 /* MainViewController.swift */ = {isa = PBXFileReference; lastKnownFileType = sourcecode.swift; path = MainViewController.swift; sourceTree = "<group>"; };
		1C470B1F27B2EC61000B3EF9 /* MainViewInput.swift */ = {isa = PBXFileReference; lastKnownFileType = sourcecode.swift; path = MainViewInput.swift; sourceTree = "<group>"; };
		1C470B2127B2EC76000B3EF9 /* MainViewOutput.swift */ = {isa = PBXFileReference; lastKnownFileType = sourcecode.swift; path = MainViewOutput.swift; sourceTree = "<group>"; };
		1C470B2327B2F14E000B3EF9 /* TabBar.swift */ = {isa = PBXFileReference; lastKnownFileType = sourcecode.swift; path = TabBar.swift; sourceTree = "<group>"; };
		1C470B2627B2F20D000B3EF9 /* UIViewController+Extension.swift */ = {isa = PBXFileReference; lastKnownFileType = sourcecode.swift; path = "UIViewController+Extension.swift"; sourceTree = "<group>"; };
		1C470B2B27B2FE80000B3EF9 /* MainServices.swift */ = {isa = PBXFileReference; lastKnownFileType = sourcecode.swift; path = MainServices.swift; sourceTree = "<group>"; };
		1C470B2F27B2FF14000B3EF9 /* MainAPI.swift */ = {isa = PBXFileReference; lastKnownFileType = sourcecode.swift; path = MainAPI.swift; sourceTree = "<group>"; };
		1C470B3127B2FF80000B3EF9 /* ServerConstants.swift */ = {isa = PBXFileReference; lastKnownFileType = sourcecode.swift; path = ServerConstants.swift; sourceTree = "<group>"; };
		1CDACF9527B45A4000081F3C /* Parcer.swift */ = {isa = PBXFileReference; lastKnownFileType = sourcecode.swift; path = Parcer.swift; sourceTree = "<group>"; };
		229128F2EC312DABBDFCADA5 /* Pods-Fooder.release.xcconfig */ = {isa = PBXFileReference; includeInIndex = 1; lastKnownFileType = text.xcconfig; name = "Pods-Fooder.release.xcconfig"; path = "Target Support Files/Pods-Fooder/Pods-Fooder.release.xcconfig"; sourceTree = "<group>"; };
		4E06ED0BC4FE0550FCFC3572 /* Pods_Fooder.framework */ = {isa = PBXFileReference; explicitFileType = wrapper.framework; includeInIndex = 0; path = Pods_Fooder.framework; sourceTree = BUILT_PRODUCTS_DIR; };
		F0164A9927B3E1E8008CBA53 /* ResponseModels.swift */ = {isa = PBXFileReference; lastKnownFileType = sourcecode.swift; path = ResponseModels.swift; sourceTree = "<group>"; };
		F0164A9B27B44444008CBA53 /* ReceipViewModel.swift */ = {isa = PBXFileReference; lastKnownFileType = sourcecode.swift; name = ReceipViewModel.swift; path = Fooder/Modules/Main/Model/ReceipViewModel.swift; sourceTree = SOURCE_ROOT; };
		F0164AAA27B46683008CBA53 /* ArticlesViewController.swift */ = {isa = PBXFileReference; lastKnownFileType = sourcecode.swift; path = ArticlesViewController.swift; sourceTree = "<group>"; };
		F0164AAC27B46694008CBA53 /* ArticlesPresenter.swift */ = {isa = PBXFileReference; lastKnownFileType = sourcecode.swift; path = ArticlesPresenter.swift; sourceTree = "<group>"; };
		F0164AAE27B466AD008CBA53 /* ArticlesViewInput.swift */ = {isa = PBXFileReference; lastKnownFileType = sourcecode.swift; path = ArticlesViewInput.swift; sourceTree = "<group>"; };
		F0164AB027B466BB008CBA53 /* ArticlesViewOutput.swift */ = {isa = PBXFileReference; lastKnownFileType = sourcecode.swift; path = ArticlesViewOutput.swift; sourceTree = "<group>"; };
		F0164AB527B467E7008CBA53 /* ArticlesConfigurator.swift */ = {isa = PBXFileReference; lastKnownFileType = sourcecode.swift; path = ArticlesConfigurator.swift; sourceTree = "<group>"; };
		F0164ABE27B52934008CBA53 /* FirstCollectionView.swift */ = {isa = PBXFileReference; lastKnownFileType = sourcecode.swift; path = FirstCollectionView.swift; sourceTree = "<group>"; };
		F0164AC027B52AB4008CBA53 /* FirstCollectionViewCell.swift */ = {isa = PBXFileReference; lastKnownFileType = sourcecode.swift; path = FirstCollectionViewCell.swift; sourceTree = "<group>"; };
		F0164AC227B52DC3008CBA53 /* MainVewControllerConstants.swift */ = {isa = PBXFileReference; lastKnownFileType = sourcecode.swift; path = MainVewControllerConstants.swift; sourceTree = "<group>"; };
		F0164AC427B53964008CBA53 /* MainViewControllerCell.swift */ = {isa = PBXFileReference; lastKnownFileType = sourcecode.swift; path = MainViewControllerCell.swift; sourceTree = "<group>"; };
		F0164AC627B56C89008CBA53 /* MainModels.swift */ = {isa = PBXFileReference; lastKnownFileType = sourcecode.swift; path = MainModels.swift; sourceTree = "<group>"; };
		F0164AC927B57FEF008CBA53 /* SecondCollectionView.swift */ = {isa = PBXFileReference; lastKnownFileType = sourcecode.swift; path = SecondCollectionView.swift; sourceTree = "<group>"; };
		F0164ACB27B5800E008CBA53 /* SeconCollectionViewCell.swift */ = {isa = PBXFileReference; lastKnownFileType = sourcecode.swift; path = SeconCollectionViewCell.swift; sourceTree = "<group>"; };
		F0164ACD27B58DDA008CBA53 /* MainDimensionsCalculator.swift */ = {isa = PBXFileReference; lastKnownFileType = sourcecode.swift; path = MainDimensionsCalculator.swift; sourceTree = "<group>"; };
		F0164AD027B675F3008CBA53 /* ThirdCollectionView.swift */ = {isa = PBXFileReference; lastKnownFileType = sourcecode.swift; path = ThirdCollectionView.swift; sourceTree = "<group>"; };
		F0164AD227B6760D008CBA53 /* ThirdCollectionViewCell.swift */ = {isa = PBXFileReference; lastKnownFileType = sourcecode.swift; path = ThirdCollectionViewCell.swift; sourceTree = "<group>"; };
		F0164AD527B678BA008CBA53 /* FourthCollectionView.swift */ = {isa = PBXFileReference; lastKnownFileType = sourcecode.swift; path = FourthCollectionView.swift; sourceTree = "<group>"; };
		F0164AD727B678C7008CBA53 /* FourthCollectionViewCell.swift */ = {isa = PBXFileReference; lastKnownFileType = sourcecode.swift; path = FourthCollectionViewCell.swift; sourceTree = "<group>"; };
		F0164ADA27B67CBF008CBA53 /* FiffthView.swift */ = {isa = PBXFileReference; lastKnownFileType = sourcecode.swift; path = FiffthView.swift; sourceTree = "<group>"; };
		F0164ADE27B9B76B008CBA53 /* SixthCollectionView.swift */ = {isa = PBXFileReference; lastKnownFileType = sourcecode.swift; path = SixthCollectionView.swift; sourceTree = "<group>"; };
		F0164AE327B9BB99008CBA53 /* SixthCollectionViewCell.swift */ = {isa = PBXFileReference; lastKnownFileType = sourcecode.swift; path = SixthCollectionViewCell.swift; sourceTree = "<group>"; };
		F0164AE627B9C20C008CBA53 /* SeventhCollectionView.swift */ = {isa = PBXFileReference; lastKnownFileType = sourcecode.swift; path = SeventhCollectionView.swift; sourceTree = "<group>"; };
		F0164AE827B9C21B008CBA53 /* SeventhCollectionViewCell.swift */ = {isa = PBXFileReference; lastKnownFileType = sourcecode.swift; path = SeventhCollectionViewCell.swift; sourceTree = "<group>"; };
		F057DBB527BA6A320097A616 /* ArticlesViewControllerCell.swift */ = {isa = PBXFileReference; lastKnownFileType = sourcecode.swift; path = ArticlesViewControllerCell.swift; sourceTree = "<group>"; };
		F057DBB727BA6D700097A616 /* ArticlesViewControllerConstants.swift */ = {isa = PBXFileReference; lastKnownFileType = sourcecode.swift; path = ArticlesViewControllerConstants.swift; sourceTree = "<group>"; };
		F057DBBA27BA72C60097A616 /* SearchViewController.swift */ = {isa = PBXFileReference; lastKnownFileType = sourcecode.swift; path = SearchViewController.swift; sourceTree = "<group>"; };
		F057DBBC27BA72D70097A616 /* SearchPresenter.swift */ = {isa = PBXFileReference; lastKnownFileType = sourcecode.swift; path = SearchPresenter.swift; sourceTree = "<group>"; };
		F057DBC027BA78580097A616 /* SearchViewInput.swift */ = {isa = PBXFileReference; lastKnownFileType = sourcecode.swift; path = SearchViewInput.swift; sourceTree = "<group>"; };
		F057DBC227BA786C0097A616 /* SearchViewOutput.swift */ = {isa = PBXFileReference; lastKnownFileType = sourcecode.swift; path = SearchViewOutput.swift; sourceTree = "<group>"; };
		F057DBC527BA790D0097A616 /* SearchModuleConfigurator.swift */ = {isa = PBXFileReference; lastKnownFileType = sourcecode.swift; path = SearchModuleConfigurator.swift; sourceTree = "<group>"; };
		F057DBC727BA7CF90097A616 /* Shadows.swift */ = {isa = PBXFileReference; lastKnownFileType = sourcecode.swift; path = Shadows.swift; sourceTree = "<group>"; };
		F057DBCA27BA80B60097A616 /* FavouriteModuleConfigurator.swift */ = {isa = PBXFileReference; lastKnownFileType = sourcecode.swift; path = FavouriteModuleConfigurator.swift; sourceTree = "<group>"; };
		F057DBCC27BA80D60097A616 /* FavouritePresenter.swift */ = {isa = PBXFileReference; lastKnownFileType = sourcecode.swift; path = FavouritePresenter.swift; sourceTree = "<group>"; };
		F057DBCE27BA80FD0097A616 /* FavouriteViewController.swift */ = {isa = PBXFileReference; lastKnownFileType = sourcecode.swift; path = FavouriteViewController.swift; sourceTree = "<group>"; };
		F057DBD027BA814C0097A616 /* FavouriteViewInput.swift */ = {isa = PBXFileReference; lastKnownFileType = sourcecode.swift; path = FavouriteViewInput.swift; sourceTree = "<group>"; };
		F057DBD227BA816E0097A616 /* FavouriteOutput.swift */ = {isa = PBXFileReference; lastKnownFileType = sourcecode.swift; path = FavouriteOutput.swift; sourceTree = "<group>"; };
		F057DBD427BA82C60097A616 /* ArticleParser.swift */ = {isa = PBXFileReference; lastKnownFileType = sourcecode.swift; path = ArticleParser.swift; sourceTree = "<group>"; };
		F057DBD827BB14B00097A616 /* RandomString.swift */ = {isa = PBXFileReference; lastKnownFileType = sourcecode.swift; path = RandomString.swift; sourceTree = "<group>"; };
		F057DBDA27BC01170097A616 /* CapitalizedLetter.swift */ = {isa = PBXFileReference; lastKnownFileType = sourcecode.swift; path = CapitalizedLetter.swift; sourceTree = "<group>"; };
		F057DBDC27BC4AAB0097A616 /* FavouriteViewControllerCell.swift */ = {isa = PBXFileReference; lastKnownFileType = sourcecode.swift; path = FavouriteViewControllerCell.swift; sourceTree = "<group>"; };
		F057DBDE27BC506B0097A616 /* FavouriteViewControllerConstants.swift */ = {isa = PBXFileReference; lastKnownFileType = sourcecode.swift; path = FavouriteViewControllerConstants.swift; sourceTree = "<group>"; };
/* End PBXFileReference section */

/* Begin PBXFrameworksBuildPhase section */
		1C470AF927B2E296000B3EF9 /* Frameworks */ = {
			isa = PBXFrameworksBuildPhase;
			buildActionMask = 2147483647;
			files = (
				CF0982766C1EFF73AC87D030 /* Pods_Fooder.framework in Frameworks */,
			);
			runOnlyForDeploymentPostprocessing = 0;
		};
/* End PBXFrameworksBuildPhase section */

/* Begin PBXGroup section */
		1C470AF327B2E296000B3EF9 = {
			isa = PBXGroup;
			children = (
				1C470AFE27B2E296000B3EF9 /* Fooder */,
				1C470AFD27B2E296000B3EF9 /* Products */,
				939E03CB44B6C36D1773287F /* Pods */,
				FE24AF3DC40732788836EB5F /* Frameworks */,
			);
			sourceTree = "<group>";
		};
		1C470AFD27B2E296000B3EF9 /* Products */ = {
			isa = PBXGroup;
			children = (
				1C470AFC27B2E296000B3EF9 /* Fooder.app */,
			);
			name = Products;
			sourceTree = "<group>";
		};
		1C470AFE27B2E296000B3EF9 /* Fooder */ = {
			isa = PBXGroup;
			children = (
				1C470B0D27B2E299000B3EF9 /* Info.plist */,
				1C470B1327B2EAF0000B3EF9 /* App */,
				1C470B2927B2FE3D000B3EF9 /* BusinessLogic */,
				1C470B1427B2EB01000B3EF9 /* Modules */,
				1C470B2527B2F1CC000B3EF9 /* Extensions */,
			);
			path = Fooder;
			sourceTree = "<group>";
		};
		1C470B1327B2EAF0000B3EF9 /* App */ = {
			isa = PBXGroup;
			children = (
				1C470AFF27B2E296000B3EF9 /* AppDelegate.swift */,
				1C470B0127B2E296000B3EF9 /* SceneDelegate.swift */,
				1C470B0827B2E299000B3EF9 /* Assets.xcassets */,
				1C470B0A27B2E299000B3EF9 /* LaunchScreen.storyboard */,
			);
			path = App;
			sourceTree = "<group>";
		};
		1C470B1427B2EB01000B3EF9 /* Modules */ = {
			isa = PBXGroup;
			children = (
				1C470B1527B2EB13000B3EF9 /* Main */,
				F0164A9D27B46262008CBA53 /* Search */,
				F0164A9E27B46271008CBA53 /* Articles */,
				F0164A9F27B4627D008CBA53 /* Favourite */,
				1C470B2827B2F584000B3EF9 /* TabBar */,
			);
			path = Modules;
			sourceTree = "<group>";
		};
		1C470B1527B2EB13000B3EF9 /* Main */ = {
			isa = PBXGroup;
			children = (
				F0164AA027B463AA008CBA53 /* Model */,
				1C470B3327B3025F000B3EF9 /* Configurator */,
				1C470B1827B2EB35000B3EF9 /* Presenter */,
				1C470B1727B2EB2D000B3EF9 /* View */,
			);
			path = Main;
			sourceTree = "<group>";
		};
		1C470B1727B2EB2D000B3EF9 /* View */ = {
			isa = PBXGroup;
			children = (
				F0164AB727B526F4008CBA53 /* CollectionViews */,
				1C470B1D27B2EBDC000B3EF9 /* MainViewController.swift */,
				F0164AC427B53964008CBA53 /* MainViewControllerCell.swift */,
				1C470B1F27B2EC61000B3EF9 /* MainViewInput.swift */,
				1C470B2127B2EC76000B3EF9 /* MainViewOutput.swift */,
				F0164AC227B52DC3008CBA53 /* MainVewControllerConstants.swift */,
				F0164ACD27B58DDA008CBA53 /* MainDimensionsCalculator.swift */,
			);
			path = View;
			sourceTree = "<group>";
		};
		1C470B1827B2EB35000B3EF9 /* Presenter */ = {
			isa = PBXGroup;
			children = (
				1C470B1B27B2EBBB000B3EF9 /* MainPresenter.swift */,
			);
			path = Presenter;
			sourceTree = "<group>";
		};
		1C470B2527B2F1CC000B3EF9 /* Extensions */ = {
			isa = PBXGroup;
			children = (
				1C470B2627B2F20D000B3EF9 /* UIViewController+Extension.swift */,
				F057DBC727BA7CF90097A616 /* Shadows.swift */,
				F057DBD827BB14B00097A616 /* RandomString.swift */,
				F057DBDA27BC01170097A616 /* CapitalizedLetter.swift */,
			);
			path = Extensions;
			sourceTree = "<group>";
		};
		1C470B2827B2F584000B3EF9 /* TabBar */ = {
			isa = PBXGroup;
			children = (
				1C470B2327B2F14E000B3EF9 /* TabBar.swift */,
			);
			path = TabBar;
			sourceTree = "<group>";
		};
		1C470B2927B2FE3D000B3EF9 /* BusinessLogic */ = {
			isa = PBXGroup;
			children = (
				1C470B2D27B2FEB5000B3EF9 /* DataAccess */,
				1C470B2A27B2FE51000B3EF9 /* Services */,
			);
			path = BusinessLogic;
			sourceTree = "<group>";
		};
		1C470B2A27B2FE51000B3EF9 /* Services */ = {
			isa = PBXGroup;
			children = (
				1C470B2B27B2FE80000B3EF9 /* MainServices.swift */,
			);
			path = Services;
			sourceTree = "<group>";
		};
		1C470B2D27B2FEB5000B3EF9 /* DataAccess */ = {
			isa = PBXGroup;
			children = (
				1C470B2E27B2FEBA000B3EF9 /* Network */,
			);
			path = DataAccess;
			sourceTree = "<group>";
		};
		1C470B2E27B2FEBA000B3EF9 /* Network */ = {
			isa = PBXGroup;
			children = (
				1C470B3127B2FF80000B3EF9 /* ServerConstants.swift */,
				1C470B2F27B2FF14000B3EF9 /* MainAPI.swift */,
				F0164A9927B3E1E8008CBA53 /* ResponseModels.swift */,
				1CDACF9527B45A4000081F3C /* Parcer.swift */,
				F057DBD427BA82C60097A616 /* ArticleParser.swift */,
			);
			path = Network;
			sourceTree = "<group>";
		};
		1C470B3327B3025F000B3EF9 /* Configurator */ = {
			isa = PBXGroup;
			children = (
				1C470B1927B2EB5E000B3EF9 /* MainModuleConfigurator.swift */,
			);
			path = Configurator;
			sourceTree = "<group>";
		};
		939E03CB44B6C36D1773287F /* Pods */ = {
			isa = PBXGroup;
			children = (
				09A91ACB7F8BB351BA204254 /* Pods-Fooder.debug.xcconfig */,
				229128F2EC312DABBDFCADA5 /* Pods-Fooder.release.xcconfig */,
			);
			path = Pods;
			sourceTree = "<group>";
		};
		F0164A9D27B46262008CBA53 /* Search */ = {
			isa = PBXGroup;
			children = (
				F057DBC427BA78F70097A616 /* Configurator */,
				F0164AA327B463EB008CBA53 /* View */,
				F0164AA227B463E4008CBA53 /* Presenter */,
				F0164AA127B463DC008CBA53 /* Model */,
			);
			path = Search;
			sourceTree = "<group>";
		};
		F0164A9E27B46271008CBA53 /* Articles */ = {
			isa = PBXGroup;
			children = (
				F0164AB427B467C3008CBA53 /* Configurator */,
				F0164AA627B46414008CBA53 /* Presenter */,
				F0164AA527B46410008CBA53 /* View */,
				F0164AA427B46409008CBA53 /* Model */,
			);
			path = Articles;
			sourceTree = "<group>";
		};
		F0164A9F27B4627D008CBA53 /* Favourite */ = {
			isa = PBXGroup;
			children = (
				F057DBC927BA80790097A616 /* Configurator */,
				F0164AA927B4642D008CBA53 /* Presenter */,
				F0164AA827B46427008CBA53 /* View */,
				F0164AA727B4641C008CBA53 /* Model */,
			);
			path = Favourite;
			sourceTree = "<group>";
		};
		F0164AA027B463AA008CBA53 /* Model */ = {
			isa = PBXGroup;
			children = (
				F0164A9B27B44444008CBA53 /* ReceipViewModel.swift */,
			);
			path = Model;
			sourceTree = "<group>";
		};
		F0164AA127B463DC008CBA53 /* Model */ = {
			isa = PBXGroup;
			children = (
			);
			path = Model;
			sourceTree = "<group>";
		};
		F0164AA227B463E4008CBA53 /* Presenter */ = {
			isa = PBXGroup;
			children = (
				F057DBBC27BA72D70097A616 /* SearchPresenter.swift */,
			);
			path = Presenter;
			sourceTree = "<group>";
		};
		F0164AA327B463EB008CBA53 /* View */ = {
			isa = PBXGroup;
			children = (
				F057DBBA27BA72C60097A616 /* SearchViewController.swift */,
				F057DBC027BA78580097A616 /* SearchViewInput.swift */,
				F057DBC227BA786C0097A616 /* SearchViewOutput.swift */,
			);
			path = View;
			sourceTree = "<group>";
		};
		F0164AA427B46409008CBA53 /* Model */ = {
			isa = PBXGroup;
			children = (
				F0164AC627B56C89008CBA53 /* MainModels.swift */,
			);
			path = Model;
			sourceTree = "<group>";
		};
		F0164AA527B46410008CBA53 /* View */ = {
			isa = PBXGroup;
			children = (
				F0164AAA27B46683008CBA53 /* ArticlesViewController.swift */,
				F057DBB527BA6A320097A616 /* ArticlesViewControllerCell.swift */,
				F0164AAE27B466AD008CBA53 /* ArticlesViewInput.swift */,
				F0164AB027B466BB008CBA53 /* ArticlesViewOutput.swift */,
				F057DBB727BA6D700097A616 /* ArticlesViewControllerConstants.swift */,
			);
			path = View;
			sourceTree = "<group>";
		};
		F0164AA627B46414008CBA53 /* Presenter */ = {
			isa = PBXGroup;
			children = (
				F0164AAC27B46694008CBA53 /* ArticlesPresenter.swift */,
			);
			path = Presenter;
			sourceTree = "<group>";
		};
		F0164AA727B4641C008CBA53 /* Model */ = {
			isa = PBXGroup;
			children = (
			);
			path = Model;
			sourceTree = "<group>";
		};
		F0164AA827B46427008CBA53 /* View */ = {
			isa = PBXGroup;
			children = (
				F057DBCE27BA80FD0097A616 /* FavouriteViewController.swift */,
				F057DBDC27BC4AAB0097A616 /* FavouriteViewControllerCell.swift */,
				F057DBD027BA814C0097A616 /* FavouriteViewInput.swift */,
				F057DBD227BA816E0097A616 /* FavouriteOutput.swift */,
				F057DBDE27BC506B0097A616 /* FavouriteViewControllerConstants.swift */,
			);
			path = View;
			sourceTree = "<group>";
		};
		F0164AA927B4642D008CBA53 /* Presenter */ = {
			isa = PBXGroup;
			children = (
				F057DBCC27BA80D60097A616 /* FavouritePresenter.swift */,
			);
			path = Presenter;
			sourceTree = "<group>";
		};
		F0164AB427B467C3008CBA53 /* Configurator */ = {
			isa = PBXGroup;
			children = (
				F0164AB527B467E7008CBA53 /* ArticlesConfigurator.swift */,
			);
			path = Configurator;
			sourceTree = "<group>";
		};
		F0164AB727B526F4008CBA53 /* CollectionViews */ = {
			isa = PBXGroup;
			children = (
				F0164AE527B9C1F9008CBA53 /* SeventhCollectionView */,
				F0164ADD27B9B74C008CBA53 /* SixthCollectionView */,
				F0164AD927B67CA5008CBA53 /* FifthView */,
				F0164AD427B67886008CBA53 /* FourthCollectionView */,
				F0164ACF27B675D5008CBA53 /* ThirdCollectionView */,
				F0164AC827B57FDC008CBA53 /* SecondCollectionView */,
				F0164AB827B52886008CBA53 /* FirstCollectionView */,
			);
			path = CollectionViews;
			sourceTree = "<group>";
		};
		F0164AB827B52886008CBA53 /* FirstCollectionView */ = {
			isa = PBXGroup;
			children = (
				F0164ABE27B52934008CBA53 /* FirstCollectionView.swift */,
				F0164AC027B52AB4008CBA53 /* FirstCollectionViewCell.swift */,
			);
			path = FirstCollectionView;
			sourceTree = "<group>";
		};
		F0164AC827B57FDC008CBA53 /* SecondCollectionView */ = {
			isa = PBXGroup;
			children = (
				F0164AC927B57FEF008CBA53 /* SecondCollectionView.swift */,
				F0164ACB27B5800E008CBA53 /* SeconCollectionViewCell.swift */,
			);
			path = SecondCollectionView;
			sourceTree = "<group>";
		};
		F0164ACF27B675D5008CBA53 /* ThirdCollectionView */ = {
			isa = PBXGroup;
			children = (
				F0164AD027B675F3008CBA53 /* ThirdCollectionView.swift */,
				F0164AD227B6760D008CBA53 /* ThirdCollectionViewCell.swift */,
			);
			path = ThirdCollectionView;
			sourceTree = "<group>";
		};
		F0164AD427B67886008CBA53 /* FourthCollectionView */ = {
			isa = PBXGroup;
			children = (
				F0164AD527B678BA008CBA53 /* FourthCollectionView.swift */,
				F0164AD727B678C7008CBA53 /* FourthCollectionViewCell.swift */,
			);
			path = FourthCollectionView;
			sourceTree = "<group>";
		};
		F0164AD927B67CA5008CBA53 /* FifthView */ = {
			isa = PBXGroup;
			children = (
				F0164ADA27B67CBF008CBA53 /* FiffthView.swift */,
			);
			path = FifthView;
			sourceTree = "<group>";
		};
		F0164ADD27B9B74C008CBA53 /* SixthCollectionView */ = {
			isa = PBXGroup;
			children = (
				F0164ADE27B9B76B008CBA53 /* SixthCollectionView.swift */,
				F0164AE327B9BB99008CBA53 /* SixthCollectionViewCell.swift */,
			);
			path = SixthCollectionView;
			sourceTree = "<group>";
		};
		F0164AE527B9C1F9008CBA53 /* SeventhCollectionView */ = {
			isa = PBXGroup;
			children = (
				F0164AE627B9C20C008CBA53 /* SeventhCollectionView.swift */,
				F0164AE827B9C21B008CBA53 /* SeventhCollectionViewCell.swift */,
			);
			path = SeventhCollectionView;
			sourceTree = "<group>";
		};
		F057DBC427BA78F70097A616 /* Configurator */ = {
			isa = PBXGroup;
			children = (
				F057DBC527BA790D0097A616 /* SearchModuleConfigurator.swift */,
			);
			path = Configurator;
			sourceTree = "<group>";
		};
		F057DBC927BA80790097A616 /* Configurator */ = {
			isa = PBXGroup;
			children = (
				F057DBCA27BA80B60097A616 /* FavouriteModuleConfigurator.swift */,
			);
			path = Configurator;
			sourceTree = "<group>";
		};
		FE24AF3DC40732788836EB5F /* Frameworks */ = {
			isa = PBXGroup;
			children = (
				4E06ED0BC4FE0550FCFC3572 /* Pods_Fooder.framework */,
			);
			name = Frameworks;
			sourceTree = "<group>";
		};
/* End PBXGroup section */

/* Begin PBXNativeTarget section */
		1C470AFB27B2E296000B3EF9 /* Fooder */ = {
			isa = PBXNativeTarget;
			buildConfigurationList = 1C470B1027B2E299000B3EF9 /* Build configuration list for PBXNativeTarget "Fooder" */;
			buildPhases = (
				D78AF770A9D4B3545E894AD1 /* [CP] Check Pods Manifest.lock */,
				1C470AF827B2E296000B3EF9 /* Sources */,
				1C470AF927B2E296000B3EF9 /* Frameworks */,
				1C470AFA27B2E296000B3EF9 /* Resources */,
				B2514EEF77D63EF711FD7681 /* [CP] Embed Pods Frameworks */,
			);
			buildRules = (
			);
			dependencies = (
			);
			name = Fooder;
			productName = Fooder;
			productReference = 1C470AFC27B2E296000B3EF9 /* Fooder.app */;
			productType = "com.apple.product-type.application";
		};
/* End PBXNativeTarget section */

/* Begin PBXProject section */
		1C470AF427B2E296000B3EF9 /* Project object */ = {
			isa = PBXProject;
			attributes = {
				BuildIndependentTargetsInParallel = 1;
				LastSwiftUpdateCheck = 1320;
				LastUpgradeCheck = 1320;
				TargetAttributes = {
					1C470AFB27B2E296000B3EF9 = {
						CreatedOnToolsVersion = 13.2.1;
					};
				};
			};
			buildConfigurationList = 1C470AF727B2E296000B3EF9 /* Build configuration list for PBXProject "Fooder" */;
			compatibilityVersion = "Xcode 13.0";
			developmentRegion = en;
			hasScannedForEncodings = 0;
			knownRegions = (
				en,
				Base,
			);
			mainGroup = 1C470AF327B2E296000B3EF9;
			productRefGroup = 1C470AFD27B2E296000B3EF9 /* Products */;
			projectDirPath = "";
			projectRoot = "";
			targets = (
				1C470AFB27B2E296000B3EF9 /* Fooder */,
			);
		};
/* End PBXProject section */

/* Begin PBXResourcesBuildPhase section */
		1C470AFA27B2E296000B3EF9 /* Resources */ = {
			isa = PBXResourcesBuildPhase;
			buildActionMask = 2147483647;
			files = (
				1C470B0C27B2E299000B3EF9 /* LaunchScreen.storyboard in Resources */,
				1C470B0927B2E299000B3EF9 /* Assets.xcassets in Resources */,
			);
			runOnlyForDeploymentPostprocessing = 0;
		};
/* End PBXResourcesBuildPhase section */

/* Begin PBXShellScriptBuildPhase section */
		B2514EEF77D63EF711FD7681 /* [CP] Embed Pods Frameworks */ = {
			isa = PBXShellScriptBuildPhase;
			buildActionMask = 2147483647;
			files = (
			);
			inputFileListPaths = (
				"${PODS_ROOT}/Target Support Files/Pods-Fooder/Pods-Fooder-frameworks-${CONFIGURATION}-input-files.xcfilelist",
			);
			name = "[CP] Embed Pods Frameworks";
			outputFileListPaths = (
				"${PODS_ROOT}/Target Support Files/Pods-Fooder/Pods-Fooder-frameworks-${CONFIGURATION}-output-files.xcfilelist",
			);
			runOnlyForDeploymentPostprocessing = 0;
			shellPath = /bin/sh;
			shellScript = "\"${PODS_ROOT}/Target Support Files/Pods-Fooder/Pods-Fooder-frameworks.sh\"\n";
			showEnvVarsInLog = 0;
		};
		D78AF770A9D4B3545E894AD1 /* [CP] Check Pods Manifest.lock */ = {
			isa = PBXShellScriptBuildPhase;
			buildActionMask = 2147483647;
			files = (
			);
			inputFileListPaths = (
			);
			inputPaths = (
				"${PODS_PODFILE_DIR_PATH}/Podfile.lock",
				"${PODS_ROOT}/Manifest.lock",
			);
			name = "[CP] Check Pods Manifest.lock";
			outputFileListPaths = (
			);
			outputPaths = (
				"$(DERIVED_FILE_DIR)/Pods-Fooder-checkManifestLockResult.txt",
			);
			runOnlyForDeploymentPostprocessing = 0;
			shellPath = /bin/sh;
			shellScript = "diff \"${PODS_PODFILE_DIR_PATH}/Podfile.lock\" \"${PODS_ROOT}/Manifest.lock\" > /dev/null\nif [ $? != 0 ] ; then\n    # print error to STDERR\n    echo \"error: The sandbox is not in sync with the Podfile.lock. Run 'pod install' or update your CocoaPods installation.\" >&2\n    exit 1\nfi\n# This output is used by Xcode 'outputs' to avoid re-running this script phase.\necho \"SUCCESS\" > \"${SCRIPT_OUTPUT_FILE_0}\"\n";
			showEnvVarsInLog = 0;
		};
/* End PBXShellScriptBuildPhase section */

/* Begin PBXSourcesBuildPhase section */
		1C470AF827B2E296000B3EF9 /* Sources */ = {
			isa = PBXSourcesBuildPhase;
			buildActionMask = 2147483647;
			files = (
				F0164AC327B52DC3008CBA53 /* MainVewControllerConstants.swift in Sources */,
				F057DBD527BA82C60097A616 /* ArticleParser.swift in Sources */,
				F057DBC827BA7CF90097A616 /* Shadows.swift in Sources */,
				1C470B0027B2E296000B3EF9 /* AppDelegate.swift in Sources */,
				F0164ACA27B57FEF008CBA53 /* SecondCollectionView.swift in Sources */,
				F057DBD927BB14B00097A616 /* RandomString.swift in Sources */,
				1C470B0227B2E296000B3EF9 /* SceneDelegate.swift in Sources */,
				1CDACF9627B45A4000081F3C /* Parcer.swift in Sources */,
				F057DBDD27BC4AAB0097A616 /* FavouriteViewControllerCell.swift in Sources */,
				F057DBD127BA814C0097A616 /* FavouriteViewInput.swift in Sources */,
				F0164AD127B675F3008CBA53 /* ThirdCollectionView.swift in Sources */,
				F0164AE727B9C20C008CBA53 /* SeventhCollectionView.swift in Sources */,
				1C470B2027B2EC61000B3EF9 /* MainViewInput.swift in Sources */,
				F057DBB627BA6A320097A616 /* ArticlesViewControllerCell.swift in Sources */,
				1C470B2427B2F14E000B3EF9 /* TabBar.swift in Sources */,
				F057DBBB27BA72C60097A616 /* SearchViewController.swift in Sources */,
				F0164A9A27B3E1E8008CBA53 /* ResponseModels.swift in Sources */,
				1C470B1A27B2EB5E000B3EF9 /* MainModuleConfigurator.swift in Sources */,
				F0164ACE27B58DDA008CBA53 /* MainDimensionsCalculator.swift in Sources */,
				F0164AE927B9C21B008CBA53 /* SeventhCollectionViewCell.swift in Sources */,
				1C470B1C27B2EBBB000B3EF9 /* MainPresenter.swift in Sources */,
				F0164AD327B6760D008CBA53 /* ThirdCollectionViewCell.swift in Sources */,
				F0164A9C27B44444008CBA53 /* ReceipViewModel.swift in Sources */,
				F0164AAD27B46694008CBA53 /* ArticlesPresenter.swift in Sources */,
				F057DBC127BA78580097A616 /* SearchViewInput.swift in Sources */,
				1C470B2C27B2FE80000B3EF9 /* MainServices.swift in Sources */,
				F0164AB127B466BB008CBA53 /* ArticlesViewOutput.swift in Sources */,
				F057DBBD27BA72D70097A616 /* SearchPresenter.swift in Sources */,
				F057DBC327BA786C0097A616 /* SearchViewOutput.swift in Sources */,
				F057DBB827BA6D700097A616 /* ArticlesViewControllerConstants.swift in Sources */,
				F0164ABF27B52934008CBA53 /* FirstCollectionView.swift in Sources */,
				F057DBD327BA816E0097A616 /* FavouriteOutput.swift in Sources */,
				F0164AC127B52AB4008CBA53 /* FirstCollectionViewCell.swift in Sources */,
				F057DBCF27BA80FD0097A616 /* FavouriteViewController.swift in Sources */,
				F057DBC627BA790D0097A616 /* SearchModuleConfigurator.swift in Sources */,
				F057DBDB27BC01170097A616 /* CapitalizedLetter.swift in Sources */,
				F0164AE427B9BB99008CBA53 /* SixthCollectionViewCell.swift in Sources */,
				F0164AB627B467E7008CBA53 /* ArticlesConfigurator.swift in Sources */,
				1C470B3027B2FF14000B3EF9 /* MainAPI.swift in Sources */,
				1C470B3227B2FF80000B3EF9 /* ServerConstants.swift in Sources */,
				F0164ACC27B5800E008CBA53 /* SeconCollectionViewCell.swift in Sources */,
				1C470B2227B2EC76000B3EF9 /* MainViewOutput.swift in Sources */,
				F0164AD827B678C7008CBA53 /* FourthCollectionViewCell.swift in Sources */,
				F057DBDF27BC506B0097A616 /* FavouriteViewControllerConstants.swift in Sources */,
				F0164AC527B53964008CBA53 /* MainViewControllerCell.swift in Sources */,
				F0164AAB27B46683008CBA53 /* ArticlesViewController.swift in Sources */,
				F0164AD627B678BA008CBA53 /* FourthCollectionView.swift in Sources */,
				1C470B1E27B2EBDC000B3EF9 /* MainViewController.swift in Sources */,
				F057DBCB27BA80B60097A616 /* FavouriteModuleConfigurator.swift in Sources */,
				F0164ADF27B9B76B008CBA53 /* SixthCollectionView.swift in Sources */,
				F0164AC727B56C89008CBA53 /* MainModels.swift in Sources */,
				F0164ADB27B67CBF008CBA53 /* FiffthView.swift in Sources */,
				F057DBCD27BA80D60097A616 /* FavouritePresenter.swift in Sources */,
				F0164AAF27B466AD008CBA53 /* ArticlesViewInput.swift in Sources */,
				1C470B2727B2F20D000B3EF9 /* UIViewController+Extension.swift in Sources */,
			);
			runOnlyForDeploymentPostprocessing = 0;
		};
/* End PBXSourcesBuildPhase section */

/* Begin PBXVariantGroup section */
		1C470B0A27B2E299000B3EF9 /* LaunchScreen.storyboard */ = {
			isa = PBXVariantGroup;
			children = (
				1C470B0B27B2E299000B3EF9 /* Base */,
			);
			name = LaunchScreen.storyboard;
			sourceTree = "<group>";
		};
/* End PBXVariantGroup section */

/* Begin XCBuildConfiguration section */
		1C470B0E27B2E299000B3EF9 /* Debug */ = {
			isa = XCBuildConfiguration;
			buildSettings = {
				ALWAYS_SEARCH_USER_PATHS = NO;
				CLANG_ANALYZER_NONNULL = YES;
				CLANG_ANALYZER_NUMBER_OBJECT_CONVERSION = YES_AGGRESSIVE;
				CLANG_CXX_LANGUAGE_STANDARD = "gnu++17";
				CLANG_CXX_LIBRARY = "libc++";
				CLANG_ENABLE_MODULES = YES;
				CLANG_ENABLE_OBJC_ARC = YES;
				CLANG_ENABLE_OBJC_WEAK = YES;
				CLANG_WARN_BLOCK_CAPTURE_AUTORELEASING = YES;
				CLANG_WARN_BOOL_CONVERSION = YES;
				CLANG_WARN_COMMA = YES;
				CLANG_WARN_CONSTANT_CONVERSION = YES;
				CLANG_WARN_DEPRECATED_OBJC_IMPLEMENTATIONS = YES;
				CLANG_WARN_DIRECT_OBJC_ISA_USAGE = YES_ERROR;
				CLANG_WARN_DOCUMENTATION_COMMENTS = YES;
				CLANG_WARN_EMPTY_BODY = YES;
				CLANG_WARN_ENUM_CONVERSION = YES;
				CLANG_WARN_INFINITE_RECURSION = YES;
				CLANG_WARN_INT_CONVERSION = YES;
				CLANG_WARN_NON_LITERAL_NULL_CONVERSION = YES;
				CLANG_WARN_OBJC_IMPLICIT_RETAIN_SELF = YES;
				CLANG_WARN_OBJC_LITERAL_CONVERSION = YES;
				CLANG_WARN_OBJC_ROOT_CLASS = YES_ERROR;
				CLANG_WARN_QUOTED_INCLUDE_IN_FRAMEWORK_HEADER = YES;
				CLANG_WARN_RANGE_LOOP_ANALYSIS = YES;
				CLANG_WARN_STRICT_PROTOTYPES = YES;
				CLANG_WARN_SUSPICIOUS_MOVE = YES;
				CLANG_WARN_UNGUARDED_AVAILABILITY = YES_AGGRESSIVE;
				CLANG_WARN_UNREACHABLE_CODE = YES;
				CLANG_WARN__DUPLICATE_METHOD_MATCH = YES;
				COPY_PHASE_STRIP = NO;
				DEBUG_INFORMATION_FORMAT = dwarf;
				ENABLE_STRICT_OBJC_MSGSEND = YES;
				ENABLE_TESTABILITY = YES;
				GCC_C_LANGUAGE_STANDARD = gnu11;
				GCC_DYNAMIC_NO_PIC = NO;
				GCC_NO_COMMON_BLOCKS = YES;
				GCC_OPTIMIZATION_LEVEL = 0;
				GCC_PREPROCESSOR_DEFINITIONS = (
					"DEBUG=1",
					"$(inherited)",
				);
				GCC_WARN_64_TO_32_BIT_CONVERSION = YES;
				GCC_WARN_ABOUT_RETURN_TYPE = YES_ERROR;
				GCC_WARN_UNDECLARED_SELECTOR = YES;
				GCC_WARN_UNINITIALIZED_AUTOS = YES_AGGRESSIVE;
				GCC_WARN_UNUSED_FUNCTION = YES;
				GCC_WARN_UNUSED_VARIABLE = YES;
				IPHONEOS_DEPLOYMENT_TARGET = 15.2;
				MTL_ENABLE_DEBUG_INFO = INCLUDE_SOURCE;
				MTL_FAST_MATH = YES;
				ONLY_ACTIVE_ARCH = YES;
				SDKROOT = iphoneos;
				SWIFT_ACTIVE_COMPILATION_CONDITIONS = DEBUG;
				SWIFT_OPTIMIZATION_LEVEL = "-Onone";
			};
			name = Debug;
		};
		1C470B0F27B2E299000B3EF9 /* Release */ = {
			isa = XCBuildConfiguration;
			buildSettings = {
				ALWAYS_SEARCH_USER_PATHS = NO;
				CLANG_ANALYZER_NONNULL = YES;
				CLANG_ANALYZER_NUMBER_OBJECT_CONVERSION = YES_AGGRESSIVE;
				CLANG_CXX_LANGUAGE_STANDARD = "gnu++17";
				CLANG_CXX_LIBRARY = "libc++";
				CLANG_ENABLE_MODULES = YES;
				CLANG_ENABLE_OBJC_ARC = YES;
				CLANG_ENABLE_OBJC_WEAK = YES;
				CLANG_WARN_BLOCK_CAPTURE_AUTORELEASING = YES;
				CLANG_WARN_BOOL_CONVERSION = YES;
				CLANG_WARN_COMMA = YES;
				CLANG_WARN_CONSTANT_CONVERSION = YES;
				CLANG_WARN_DEPRECATED_OBJC_IMPLEMENTATIONS = YES;
				CLANG_WARN_DIRECT_OBJC_ISA_USAGE = YES_ERROR;
				CLANG_WARN_DOCUMENTATION_COMMENTS = YES;
				CLANG_WARN_EMPTY_BODY = YES;
				CLANG_WARN_ENUM_CONVERSION = YES;
				CLANG_WARN_INFINITE_RECURSION = YES;
				CLANG_WARN_INT_CONVERSION = YES;
				CLANG_WARN_NON_LITERAL_NULL_CONVERSION = YES;
				CLANG_WARN_OBJC_IMPLICIT_RETAIN_SELF = YES;
				CLANG_WARN_OBJC_LITERAL_CONVERSION = YES;
				CLANG_WARN_OBJC_ROOT_CLASS = YES_ERROR;
				CLANG_WARN_QUOTED_INCLUDE_IN_FRAMEWORK_HEADER = YES;
				CLANG_WARN_RANGE_LOOP_ANALYSIS = YES;
				CLANG_WARN_STRICT_PROTOTYPES = YES;
				CLANG_WARN_SUSPICIOUS_MOVE = YES;
				CLANG_WARN_UNGUARDED_AVAILABILITY = YES_AGGRESSIVE;
				CLANG_WARN_UNREACHABLE_CODE = YES;
				CLANG_WARN__DUPLICATE_METHOD_MATCH = YES;
				COPY_PHASE_STRIP = NO;
				DEBUG_INFORMATION_FORMAT = "dwarf-with-dsym";
				ENABLE_NS_ASSERTIONS = NO;
				ENABLE_STRICT_OBJC_MSGSEND = YES;
				GCC_C_LANGUAGE_STANDARD = gnu11;
				GCC_NO_COMMON_BLOCKS = YES;
				GCC_WARN_64_TO_32_BIT_CONVERSION = YES;
				GCC_WARN_ABOUT_RETURN_TYPE = YES_ERROR;
				GCC_WARN_UNDECLARED_SELECTOR = YES;
				GCC_WARN_UNINITIALIZED_AUTOS = YES_AGGRESSIVE;
				GCC_WARN_UNUSED_FUNCTION = YES;
				GCC_WARN_UNUSED_VARIABLE = YES;
				IPHONEOS_DEPLOYMENT_TARGET = 15.2;
				MTL_ENABLE_DEBUG_INFO = NO;
				MTL_FAST_MATH = YES;
				SDKROOT = iphoneos;
				SWIFT_COMPILATION_MODE = wholemodule;
				SWIFT_OPTIMIZATION_LEVEL = "-O";
				VALIDATE_PRODUCT = YES;
			};
			name = Release;
		};
		1C470B1127B2E299000B3EF9 /* Debug */ = {
			isa = XCBuildConfiguration;
			baseConfigurationReference = 09A91ACB7F8BB351BA204254 /* Pods-Fooder.debug.xcconfig */;
			buildSettings = {
				ASSETCATALOG_COMPILER_APPICON_NAME = AppIcon;
				ASSETCATALOG_COMPILER_GLOBAL_ACCENT_COLOR_NAME = AccentColor;
				CODE_SIGN_STYLE = Automatic;
				CURRENT_PROJECT_VERSION = 1;
				GENERATE_INFOPLIST_FILE = YES;
				INFOPLIST_FILE = Fooder/Info.plist;
				INFOPLIST_KEY_UIApplicationSupportsIndirectInputEvents = YES;
				INFOPLIST_KEY_UILaunchStoryboardName = LaunchScreen;
				INFOPLIST_KEY_UISupportedInterfaceOrientations_iPad = "UIInterfaceOrientationPortrait UIInterfaceOrientationPortraitUpsideDown UIInterfaceOrientationLandscapeLeft UIInterfaceOrientationLandscapeRight";
				INFOPLIST_KEY_UISupportedInterfaceOrientations_iPhone = "UIInterfaceOrientationPortrait UIInterfaceOrientationLandscapeLeft UIInterfaceOrientationLandscapeRight";
				LD_RUNPATH_SEARCH_PATHS = (
					"$(inherited)",
					"@executable_path/Frameworks",
				);
				MARKETING_VERSION = 1.0;
				PRODUCT_BUNDLE_IDENTIFIER = Fooder.com.Fooder;
				PRODUCT_NAME = "$(TARGET_NAME)";
				SWIFT_EMIT_LOC_STRINGS = YES;
				SWIFT_VERSION = 5.0;
				TARGETED_DEVICE_FAMILY = "1,2";
			};
			name = Debug;
		};
		1C470B1227B2E299000B3EF9 /* Release */ = {
			isa = XCBuildConfiguration;
			baseConfigurationReference = 229128F2EC312DABBDFCADA5 /* Pods-Fooder.release.xcconfig */;
			buildSettings = {
				ASSETCATALOG_COMPILER_APPICON_NAME = AppIcon;
				ASSETCATALOG_COMPILER_GLOBAL_ACCENT_COLOR_NAME = AccentColor;
				CODE_SIGN_STYLE = Automatic;
				CURRENT_PROJECT_VERSION = 1;
				GENERATE_INFOPLIST_FILE = YES;
				INFOPLIST_FILE = Fooder/Info.plist;
				INFOPLIST_KEY_UIApplicationSupportsIndirectInputEvents = YES;
				INFOPLIST_KEY_UILaunchStoryboardName = LaunchScreen;
				INFOPLIST_KEY_UISupportedInterfaceOrientations_iPad = "UIInterfaceOrientationPortrait UIInterfaceOrientationPortraitUpsideDown UIInterfaceOrientationLandscapeLeft UIInterfaceOrientationLandscapeRight";
				INFOPLIST_KEY_UISupportedInterfaceOrientations_iPhone = "UIInterfaceOrientationPortrait UIInterfaceOrientationLandscapeLeft UIInterfaceOrientationLandscapeRight";
				LD_RUNPATH_SEARCH_PATHS = (
					"$(inherited)",
					"@executable_path/Frameworks",
				);
				MARKETING_VERSION = 1.0;
				PRODUCT_BUNDLE_IDENTIFIER = Fooder.com.Fooder;
				PRODUCT_NAME = "$(TARGET_NAME)";
				SWIFT_EMIT_LOC_STRINGS = YES;
				SWIFT_VERSION = 5.0;
				TARGETED_DEVICE_FAMILY = "1,2";
			};
			name = Release;
		};
/* End XCBuildConfiguration section */

/* Begin XCConfigurationList section */
		1C470AF727B2E296000B3EF9 /* Build configuration list for PBXProject "Fooder" */ = {
			isa = XCConfigurationList;
			buildConfigurations = (
				1C470B0E27B2E299000B3EF9 /* Debug */,
				1C470B0F27B2E299000B3EF9 /* Release */,
			);
			defaultConfigurationIsVisible = 0;
			defaultConfigurationName = Release;
		};
		1C470B1027B2E299000B3EF9 /* Build configuration list for PBXNativeTarget "Fooder" */ = {
			isa = XCConfigurationList;
			buildConfigurations = (
				1C470B1127B2E299000B3EF9 /* Debug */,
				1C470B1227B2E299000B3EF9 /* Release */,
			);
			defaultConfigurationIsVisible = 0;
			defaultConfigurationName = Release;
		};
/* End XCConfigurationList section */
	};
	rootObject = 1C470AF427B2E296000B3EF9 /* Project object */;
}
